# This file is automatically @generated by Cargo.
# It is not intended for manual editing.
version = 4

[[package]]
name = "anyhow"
version = "1.0.104"
source = "registry+https://github.com/rust-lang/crates.io-index"
checksum = "330a5ed07fa54e4702c9d6c4174f74427fc0ef6e214bbd677ae50a5099946470"

[[package]]
name = "ascii-inator-rs"
version = "0.1.0"
dependencies = [
 "anyhow",
 "ffmpeg-sidecar",
]

[[package]]
name = "ffmpeg-sidecar"
version = "2.5.2"
source = "registry+https://github.com/rust-lang/crates.io-index"
checksum = "126522985748cb6a56a966037c3d86d94414be7a01d7749eccf71f7290f6eacd"
dependencies = [
 "anyhow",
]
